
Microsoft Visual Studio Solution File, Format Version 12.00
# Visual Studio Version 17
VisualStudioVersion = 17.9.34701.34
MinimumVisualStudioVersion = 10.0.40219.1
Project("{9A19103F-16F7-4668-BE54-9A1E7A4F7556}") = "VehicleMonitoring.mvc", "transpMonitoring\VehicleMonitoring.mvc.csproj", "{2C1C7123-0A56-4878-BB58-75DF77E3C3F1}"
EndProject
Project("{9A19103F-16F7-4668-BE54-9A1E7A4F7556}") = "VehicleMonitoring.Domain", "VehicleMonitoring.Domain\VehicleMonitoring.Domain.csproj", "{545A80DB-BF76-4BD7-BAC0-724F94BB499A}"
EndProject
Project("{9A19103F-16F7-4668-BE54-9A1E7A4F7556}") = "DataGeneration", "DataGeneration\DataGeneration.csproj", "{99F23684-7C2A-435E-A2FA-B11B559A547B}"
	ProjectSection(ProjectDependencies) = postProject
		{545A80DB-BF76-4BD7-BAC0-724F94BB499A} = {545A80DB-BF76-4BD7-BAC0-724F94BB499A}
	EndProjectSection
EndProject
Global
	GlobalSection(SolutionConfigurationPlatforms) = preSolution
		Debug|Any CPU = Debug|Any CPU
		Release|Any CPU = Release|Any CPU
	EndGlobalSection
	GlobalSection(ProjectConfigurationPlatforms) = postSolution
		{2C1C7123-0A56-4878-BB58-75DF77E3C3F1}.Debug|Any CPU.ActiveCfg = Debug|Any CPU
		{2C1C7123-0A56-4878-BB58-75DF77E3C3F1}.Debug|Any CPU.Build.0 = Debug|Any CPU
		{2C1C7123-0A56-4878-BB58-75DF77E3C3F1}.Release|Any CPU.ActiveCfg = Release|Any CPU
		{2C1C7123-0A56-4878-BB58-75DF77E3C3F1}.Release|Any CPU.Build.0 = Release|Any CPU
		{545A80DB-BF76-4BD7-BAC0-724F94BB499A}.Debug|Any CPU.ActiveCfg = Debug|Any CPU
		{545A80DB-BF76-4BD7-BAC0-724F94BB499A}.Debug|Any CPU.Build.0 = Debug|Any CPU
		{545A80DB-BF76-4BD7-BAC0-724F94BB499A}.Release|Any CPU.ActiveCfg = Release|Any CPU
		{545A80DB-BF76-4BD7-BAC0-724F94BB499A}.Release|Any CPU.Build.0 = Release|Any CPU
		{99F23684-7C2A-435E-A2FA-B11B559A547B}.Debug|Any CPU.ActiveCfg = Debug|Any CPU
		{99F23684-7C2A-435E-A2FA-B11B559A547B}.Debug|Any CPU.Build.0 = Debug|Any CPU
		{99F23684-7C2A-435E-A2FA-B11B559A547B}.Release|Any CPU.ActiveCfg = Release|Any CPU
		{99F23684-7C2A-435E-A2FA-B11B559A547B}.Release|Any CPU.Build.0 = Release|Any CPU
	EndGlobalSection
	GlobalSection(SolutionProperties) = preSolution
		HideSolutionNode = FALSE
	EndGlobalSection
	GlobalSection(ExtensibilityGlobals) = postSolution
		SolutionGuid = {FB0391FF-FB6B-4BC3-867E-8713BD74F3EC}
	EndGlobalSection
EndGlobal
